// !$*UTF8*$!
{
	archiveVersion = 1;
	classes = {
	};
	objectVersion = 56;
	objects = {

/* Begin PBXBuildFile section */
		2A4AEDCB2B59913D00148B47 /* SmartHubApp.swift in Sources */ = {isa = PBXBuildFile; fileRef = 2A4AEDCA2B59913D00148B47 /* SmartHubApp.swift */; };
		2A4AEDCD2B59913D00148B47 /* ContentView.swift in Sources */ = {isa = PBXBuildFile; fileRef = 2A4AEDCC2B59913D00148B47 /* ContentView.swift */; };
		2A4AEDCF2B59913E00148B47 /* Assets.xcassets in Resources */ = {isa = PBXBuildFile; fileRef = 2A4AEDCE2B59913E00148B47 /* Assets.xcassets */; };
		2A4AEDD22B59913E00148B47 /* Preview Assets.xcassets in Resources */ = {isa = PBXBuildFile; fileRef = 2A4AEDD12B59913E00148B47 /* Preview Assets.xcassets */; };
		2A4AEDD42B59913E00148B47 /* Persistence.swift in Sources */ = {isa = PBXBuildFile; fileRef = 2A4AEDD32B59913E00148B47 /* Persistence.swift */; };
		2A4AEDD72B59913E00148B47 /* SmartHub.xcdatamodeld in Sources */ = {isa = PBXBuildFile; fileRef = 2A4AEDD52B59913E00148B47 /* SmartHub.xcdatamodeld */; };
		2A4AEDE12B59913E00148B47 /* SmartHubTests.swift in Sources */ = {isa = PBXBuildFile; fileRef = 2A4AEDE02B59913E00148B47 /* SmartHubTests.swift */; };
		2A4AEDEB2B59913E00148B47 /* SmartHubUITests.swift in Sources */ = {isa = PBXBuildFile; fileRef = 2A4AEDEA2B59913E00148B47 /* SmartHubUITests.swift */; };
		2A4AEDED2B59913E00148B47 /* SmartHubUITestsLaunchTests.swift in Sources */ = {isa = PBXBuildFile; fileRef = 2A4AEDEC2B59913E00148B47 /* SmartHubUITestsLaunchTests.swift */; };
/* End PBXBuildFile section */

/* Begin PBXContainerItemProxy section */
		2A4AEDDD2B59913E00148B47 /* PBXContainerItemProxy */ = {
			isa = PBXContainerItemProxy;
			containerPortal = 2A4AEDBF2B59913D00148B47 /* Project object */;
			proxyType = 1;
			remoteGlobalIDString = 2A4AEDC62B59913D00148B47;
			remoteInfo = SmartHub;
		};
		2A4AEDE72B59913E00148B47 /* PBXContainerItemProxy */ = {
			isa = PBXContainerItemProxy;
			containerPortal = 2A4AEDBF2B59913D00148B47 /* Project object */;
			proxyType = 1;
			remoteGlobalIDString = 2A4AEDC62B59913D00148B47;
			remoteInfo = SmartHub;
		};
/* End PBXContainerItemProxy section */

/* Begin PBXFileReference section */
		2A4AEDC72B59913D00148B47 /* SmartHub.app */ = {isa = PBXFileReference; explicitFileType = wrapper.application; includeInIndex = 0; path = SmartHub.app; sourceTree = BUILT_PRODUCTS_DIR; };
		2A4AEDCA2B59913D00148B47 /* SmartHubApp.swift */ = {isa = PBXFileReference; lastKnownFileType = sourcecode.swift; path = SmartHubApp.swift; sourceTree = "<group>"; };
		2A4AEDCC2B59913D00148B47 /* ContentView.swift */ = {isa = PBXFileReference; lastKnownFileType = sourcecode.swift; path = ContentView.swift; sourceTree = "<group>"; };
		2A4AEDCE2B59913E00148B47 /* Assets.xcassets */ = {isa = PBXFileReference; lastKnownFileType = folder.assetcatalog; path = Assets.xcassets; sourceTree = "<group>"; };
		2A4AEDD12B59913E00148B47 /* Preview Assets.xcassets */ = {isa = PBXFileReference; lastKnownFileType = folder.assetcatalog; path = "Preview Assets.xcassets"; sourceTree = "<group>"; };
		2A4AEDD32B59913E00148B47 /* Persistence.swift */ = {isa = PBXFileReference; lastKnownFileType = sourcecode.swift; path = Persistence.swift; sourceTree = "<group>"; };
		2A4AEDD62B59913E00148B47 /* SmartHub.xcdatamodel */ = {isa = PBXFileReference; lastKnownFileType = wrapper.xcdatamodel; path = SmartHub.xcdatamodel; sourceTree = "<group>"; };
		2A4AEDDC2B59913E00148B47 /* SmartHubTests.xctest */ = {isa = PBXFileReference; explicitFileType = wrapper.cfbundle; includeInIndex = 0; path = SmartHubTests.xctest; sourceTree = BUILT_PRODUCTS_DIR; };
		2A4AEDE02B59913E00148B47 /* SmartHubTests.swift */ = {isa = PBXFileReference; lastKnownFileType = sourcecode.swift; path = SmartHubTests.swift; sourceTree = "<group>"; };
		2A4AEDE62B59913E00148B47 /* SmartHubUITests.xctest */ = {isa = PBXFileReference; explicitFileType = wrapper.cfbundle; includeInIndex = 0; path = SmartHubUITests.xctest; sourceTree = BUILT_PRODUCTS_DIR; };
		2A4AEDEA2B59913E00148B47 /* SmartHubUITests.swift */ = {isa = PBXFileReference; lastKnownFileType = sourcecode.swift; path = SmartHubUITests.swift; sourceTree = "<group>"; };
		2A4AEDEC2B59913E00148B47 /* SmartHubUITestsLaunchTests.swift */ = {isa = PBXFileReference; lastKnownFileType = sourcecode.swift; path = SmartHubUITestsLaunchTests.swift; sourceTree = "<group>"; };
/* End PBXFileReference section */

/* Begin PBXFrameworksBuildPhase section */
		2A4AEDC42B59913D00148B47 /* Frameworks */ = {
			isa = PBXFrameworksBuildPhase;
			buildActionMask = 2147483647;
			files = (
			);
			runOnlyForDeploymentPostprocessing = 0;
		};
		2A4AEDD92B59913E00148B47 /* Frameworks */ = {
			isa = PBXFrameworksBuildPhase;
			buildActionMask = 2147483647;
			files = (
			);
			runOnlyForDeploymentPostprocessing = 0;
		};
		2A4AEDE32B59913E00148B47 /* Frameworks */ = {
			isa = PBXFrameworksBuildPhase;
			buildActionMask = 2147483647;
			files = (
			);
			runOnlyForDeploymentPostprocessing = 0;
		};
/* End PBXFrameworksBuildPhase section */

/* Begin PBXGroup section */
		2A4AEDBE2B59913D00148B47 = {
			isa = PBXGroup;
			children = (
				2A4AEDC92B59913D00148B47 /* SmartHub */,
				2A4AEDDF2B59913E00148B47 /* SmartHubTests */,
				2A4AEDE92B59913E00148B47 /* SmartHubUITests */,
				2A4AEDC82B59913D00148B47 /* Products */,
			);
			sourceTree = "<group>";
		};
		2A4AEDC82B59913D00148B47 /* Products */ = {
			isa = PBXGroup;
			children = (
				2A4AEDC72B59913D00148B47 /* SmartHub.app */,
				2A4AEDDC2B59913E00148B47 /* SmartHubTests.xctest */,
				2A4AEDE62B59913E00148B47 /* SmartHubUITests.xctest */,
			);
			name = Products;
			sourceTree = "<group>";
		};
		2A4AEDC92B59913D00148B47 /* SmartHub */ = {
			isa = PBXGroup;
			children = (
				2A4AEDCA2B59913D00148B47 /* SmartHubApp.swift */,
				2A4AEDCC2B59913D00148B47 /* ContentView.swift */,
				2A4AEDCE2B59913E00148B47 /* Assets.xcassets */,
				2A4AEDD32B59913E00148B47 /* Persistence.swift */,
				2A4AEDD52B59913E00148B47 /* SmartHub.xcdatamodeld */,
				2A4AEDD02B59913E00148B47 /* Preview Content */,
			);
			path = SmartHub;
			sourceTree = "<group>";
		};
		2A4AEDD02B59913E00148B47 /* Preview Content */ = {
			isa = PBXGroup;
			children = (
				2A4AEDD12B59913E00148B47 /* Preview Assets.xcassets */,
			);
			path = "Preview Content";
			sourceTree = "<group>";
		};
		2A4AEDDF2B59913E00148B47 /* SmartHubTests */ = {
			isa = PBXGroup;
			children = (
				2A4AEDE02B59913E00148B47 /* SmartHubTests.swift */,
			);
			path = SmartHubTests;
			sourceTree = "<group>";
		};
		2A4AEDE92B59913E00148B47 /* SmartHubUITests */ = {
			isa = PBXGroup;
			children = (
				2A4AEDEA2B59913E00148B47 /* SmartHubUITests.swift */,
				2A4AEDEC2B59913E00148B47 /* SmartHubUITestsLaunchTests.swift */,
			);
			path = SmartHubUITests;
			sourceTree = "<group>";
		};
/* End PBXGroup section */

/* Begin PBXNativeTarget section */
		2A4AEDC62B59913D00148B47 /* SmartHub */ = {
			isa = PBXNativeTarget;
			buildConfigurationList = 2A4AEDF02B59913E00148B47 /* Build configuration list for PBXNativeTarget "SmartHub" */;
			buildPhases = (
				2A4AEDC32B59913D00148B47 /* Sources */,
				2A4AEDC42B59913D00148B47 /* Frameworks */,
				2A4AEDC52B59913D00148B47 /* Resources */,
			);
			buildRules = (
			);
			dependencies = (
			);
			name = SmartHub;
			productName = SmartHub;
			productReference = 2A4AEDC72B59913D00148B47 /* SmartHub.app */;
			productType = "com.apple.product-type.application";
		};
		2A4AEDDB2B59913E00148B47 /* SmartHubTests */ = {
			isa = PBXNativeTarget;
			buildConfigurationList = 2A4AEDF32B59913E00148B47 /* Build configuration list for PBXNativeTarget "SmartHubTests" */;
			buildPhases = (
				2A4AEDD82B59913E00148B47 /* Sources */,
				2A4AEDD92B59913E00148B47 /* Frameworks */,
				2A4AEDDA2B59913E00148B47 /* Resources */,
			);
			buildRules = (
			);
			dependencies = (
				2A4AEDDE2B59913E00148B47 /* PBXTargetDependency */,
			);
			name = SmartHubTests;
			productName = SmartHubTests;
			productReference = 2A4AEDDC2B59913E00148B47 /* SmartHubTests.xctest */;
			productType = "com.apple.product-type.bundle.unit-test";
		};
		2A4AEDE52B59913E00148B47 /* SmartHubUITests */ = {
			isa = PBXNativeTarget;
			buildConfigurationList = 2A4AEDF62B59913E00148B47 /* Build configuration list for PBXNativeTarget "SmartHubUITests" */;
			buildPhases = (
				2A4AEDE22B59913E00148B47 /* Sources */,
				2A4AEDE32B59913E00148B47 /* Frameworks */,
				2A4AEDE42B59913E00148B47 /* Resources */,
			);
			buildRules = (
			);
			dependencies = (
				2A4AEDE82B59913E00148B47 /* PBXTargetDependency */,
			);
			name = SmartHubUITests;
			productName = SmartHubUITests;
			productReference = 2A4AEDE62B59913E00148B47 /* SmartHubUITests.xctest */;
			productType = "com.apple.product-type.bundle.ui-testing";
		};
/* End PBXNativeTarget section */

/* Begin PBXProject section */
		2A4AEDBF2B59913D00148B47 /* Project object */ = {
			isa = PBXProject;
			attributes = {
				BuildIndependentTargetsInParallel = 1;
				LastSwiftUpdateCheck = 1430;
				LastUpgradeCheck = 1430;
				TargetAttributes = {
					2A4AEDC62B59913D00148B47 = {
						CreatedOnToolsVersion = 14.3.1;
					};
					2A4AEDDB2B59913E00148B47 = {
						CreatedOnToolsVersion = 14.3.1;
						TestTargetID = 2A4AEDC62B59913D00148B47;
					};
					2A4AEDE52B59913E00148B47 = {
						CreatedOnToolsVersion = 14.3.1;
						TestTargetID = 2A4AEDC62B59913D00148B47;
					};
				};
			};
			buildConfigurationList = 2A4AEDC22B59913D00148B47 /* Build configuration list for PBXProject "SmartHub" */;
			compatibilityVersion = "Xcode 14.0";
			developmentRegion = en;
			hasScannedForEncodings = 0;
			knownRegions = (
				en,
				Base,
			);
			mainGroup = 2A4AEDBE2B59913D00148B47;
			productRefGroup = 2A4AEDC82B59913D00148B47 /* Products */;
			projectDirPath = "";
			projectRoot = "";
			targets = (
				2A4AEDC62B59913D00148B47 /* SmartHub */,
				2A4AEDDB2B59913E00148B47 /* SmartHubTests */,
				2A4AEDE52B59913E00148B47 /* SmartHubUITests */,
			);
		};
/* End PBXProject section */

/* Begin PBXResourcesBuildPhase section */
		2A4AEDC52B59913D00148B47 /* Resources */ = {
			isa = PBXResourcesBuildPhase;
			buildActionMask = 2147483647;
			files = (
				2A4AEDD22B59913E00148B47 /* Preview Assets.xcassets in Resources */,
				2A4AEDCF2B59913E00148B47 /* Assets.xcassets in Resources */,
			);
			runOnlyForDeploymentPostprocessing = 0;
		};
		2A4AEDDA2B59913E00148B47 /* Resources */ = {
			isa = PBXResourcesBuildPhase;
			buildActionMask = 2147483647;
			files = (
			);
			runOnlyForDeploymentPostprocessing = 0;
		};
		2A4AEDE42B59913E00148B47 /* Resources */ = {
			isa = PBXResourcesBuildPhase;
			buildActionMask = 2147483647;
			files = (
			);
			runOnlyForDeploymentPostprocessing = 0;
		};
/* End PBXResourcesBuildPhase section */

/* Begin PBXSourcesBuildPhase section */
		2A4AEDC32B59913D00148B47 /* Sources */ = {
			isa = PBXSourcesBuildPhase;
			buildActionMask = 2147483647;
			files = (
				2A4AEDD42B59913E00148B47 /* Persistence.swift in Sources */,
				2A4AEDCD2B59913D00148B47 /* ContentView.swift in Sources */,
				2A4AEDCB2B59913D00148B47 /* SmartHubApp.swift in Sources */,
				2A4AEDD72B59913E00148B47 /* SmartHub.xcdatamodeld in Sources */,
			);
			runOnlyForDeploymentPostprocessing = 0;
		};
		2A4AEDD82B59913E00148B47 /* Sources */ = {
			isa = PBXSourcesBuildPhase;
			buildActionMask = 2147483647;
			files = (
				2A4AEDE12B59913E00148B47 /* SmartHubTests.swift in Sources */,
			);
			runOnlyForDeploymentPostprocessing = 0;
		};
		2A4AEDE22B59913E00148B47 /* Sources */ = {
			isa = PBXSourcesBuildPhase;
			buildActionMask = 2147483647;
			files = (
				2A4AEDED2B59913E00148B47 /* SmartHubUITestsLaunchTests.swift in Sources */,
				2A4AEDEB2B59913E00148B47 /* SmartHubUITests.swift in Sources */,
			);
			runOnlyForDeploymentPostprocessing = 0;
		};
/* End PBXSourcesBuildPhase section */

/* Begin PBXTargetDependency section */
		2A4AEDDE2B59913E00148B47 /* PBXTargetDependency */ = {
			isa = PBXTargetDependency;
			target = 2A4AEDC62B59913D00148B47 /* SmartHub */;
			targetProxy = 2A4AEDDD2B59913E00148B47 /* PBXContainerItemProxy */;
		};
		2A4AEDE82B59913E00148B47 /* PBXTargetDependency */ = {
			isa = PBXTargetDependency;
			target = 2A4AEDC62B59913D00148B47 /* SmartHub */;
			targetProxy = 2A4AEDE72B59913E00148B47 /* PBXContainerItemProxy */;
		};
/* End PBXTargetDependency section */

/* Begin XCBuildConfiguration section */
		2A4AEDEE2B59913E00148B47 /* Debug */ = {
			isa = XCBuildConfiguration;
			buildSettings = {
				ALWAYS_SEARCH_USER_PATHS = NO;
				CLANG_ANALYZER_NONNULL = YES;
				CLANG_ANALYZER_NUMBER_OBJECT_CONVERSION = YES_AGGRESSIVE;
				CLANG_CXX_LANGUAGE_STANDARD = "gnu++20";
				CLANG_ENABLE_MODULES = YES;
				CLANG_ENABLE_OBJC_ARC = YES;
				CLANG_ENABLE_OBJC_WEAK = YES;
				CLANG_WARN_BLOCK_CAPTURE_AUTORELEASING = YES;
				CLANG_WARN_BOOL_CONVERSION = YES;
				CLANG_WARN_COMMA = YES;
				CLANG_WARN_CONSTANT_CONVERSION = YES;
				CLANG_WARN_DEPRECATED_OBJC_IMPLEMENTATIONS = YES;
				CLANG_WARN_DIRECT_OBJC_ISA_USAGE = YES_ERROR;
				CLANG_WARN_DOCUMENTATION_COMMENTS = YES;
				CLANG_WARN_EMPTY_BODY = YES;
				CLANG_WARN_ENUM_CONVERSION = YES;
				CLANG_WARN_INFINITE_RECURSION = YES;
				CLANG_WARN_INT_CONVERSION = YES;
				CLANG_WARN_NON_LITERAL_NULL_CONVERSION = YES;
				CLANG_WARN_OBJC_IMPLICIT_RETAIN_SELF = YES;
				CLANG_WARN_OBJC_LITERAL_CONVERSION = YES;
				CLANG_WARN_OBJC_ROOT_CLASS = YES_ERROR;
				CLANG_WARN_QUOTED_INCLUDE_IN_FRAMEWORK_HEADER = YES;
				CLANG_WARN_RANGE_LOOP_ANALYSIS = YES;
				CLANG_WARN_STRICT_PROTOTYPES = YES;
				CLANG_WARN_SUSPICIOUS_MOVE = YES;
				CLANG_WARN_UNGUARDED_AVAILABILITY = YES_AGGRESSIVE;
				CLANG_WARN_UNREACHABLE_CODE = YES;
				CLANG_WARN__DUPLICATE_METHOD_MATCH = YES;
				COPY_PHASE_STRIP = NO;
				DEBUG_INFORMATION_FORMAT = dwarf;
				ENABLE_STRICT_OBJC_MSGSEND = YES;
				ENABLE_TESTABILITY = YES;
				GCC_C_LANGUAGE_STANDARD = gnu11;
				GCC_DYNAMIC_NO_PIC = NO;
				GCC_NO_COMMON_BLOCKS = YES;
				GCC_OPTIMIZATION_LEVEL = 0;
				GCC_PREPROCESSOR_DEFINITIONS = (
					"DEBUG=1",
					"$(inherited)",
				);
				GCC_WARN_64_TO_32_BIT_CONVERSION = YES;
				GCC_WARN_ABOUT_RETURN_TYPE = YES_ERROR;
				GCC_WARN_UNDECLARED_SELECTOR = YES;
				GCC_WARN_UNINITIALIZED_AUTOS = YES_AGGRESSIVE;
				GCC_WARN_UNUSED_FUNCTION = YES;
				GCC_WARN_UNUSED_VARIABLE = YES;
				IPHONEOS_DEPLOYMENT_TARGET = 16.4;
				MTL_ENABLE_DEBUG_INFO = INCLUDE_SOURCE;
				MTL_FAST_MATH = YES;
				ONLY_ACTIVE_ARCH = YES;
				SDKROOT = iphoneos;
				SWIFT_ACTIVE_COMPILATION_CONDITIONS = DEBUG;
				SWIFT_OPTIMIZATION_LEVEL = "-Onone";
			};
			name = Debug;
		};
		2A4AEDEF2B59913E00148B47 /* Release */ = {
			isa = XCBuildConfiguration;
			buildSettings = {
				ALWAYS_SEARCH_USER_PATHS = NO;
				CLANG_ANALYZER_NONNULL = YES;
				CLANG_ANALYZER_NUMBER_OBJECT_CONVERSION = YES_AGGRESSIVE;
				CLANG_CXX_LANGUAGE_STANDARD = "gnu++20";
				CLANG_ENABLE_MODULES = YES;
				CLANG_ENABLE_OBJC_ARC = YES;
				CLANG_ENABLE_OBJC_WEAK = YES;
				CLANG_WARN_BLOCK_CAPTURE_AUTORELEASING = YES;
				CLANG_WARN_BOOL_CONVERSION = YES;
				CLANG_WARN_COMMA = YES;
				CLANG_WARN_CONSTANT_CONVERSION = YES;
				CLANG_WARN_DEPRECATED_OBJC_IMPLEMENTATIONS = YES;
				CLANG_WARN_DIRECT_OBJC_ISA_USAGE = YES_ERROR;
				CLANG_WARN_DOCUMENTATION_COMMENTS = YES;
				CLANG_WARN_EMPTY_BODY = YES;
				CLANG_WARN_ENUM_CONVERSION = YES;
				CLANG_WARN_INFINITE_RECURSION = YES;
				CLANG_WARN_INT_CONVERSION = YES;
				CLANG_WARN_NON_LITERAL_NULL_CONVERSION = YES;
				CLANG_WARN_OBJC_IMPLICIT_RETAIN_SELF = YES;
				CLANG_WARN_OBJC_LITERAL_CONVERSION = YES;
				CLANG_WARN_OBJC_ROOT_CLASS = YES_ERROR;
				CLANG_WARN_QUOTED_INCLUDE_IN_FRAMEWORK_HEADER = YES;
				CLANG_WARN_RANGE_LOOP_ANALYSIS = YES;
				CLANG_WARN_STRICT_PROTOTYPES = YES;
				CLANG_WARN_SUSPICIOUS_MOVE = YES;
				CLANG_WARN_UNGUARDED_AVAILABILITY = YES_AGGRESSIVE;
				CLANG_WARN_UNREACHABLE_CODE = YES;
				CLANG_WARN__DUPLICATE_METHOD_MATCH = YES;
				COPY_PHASE_STRIP = NO;
				DEBUG_INFORMATION_FORMAT = "dwarf-with-dsym";
				ENABLE_NS_ASSERTIONS = NO;
				ENABLE_STRICT_OBJC_MSGSEND = YES;
				GCC_C_LANGUAGE_STANDARD = gnu11;
				GCC_NO_COMMON_BLOCKS = YES;
				GCC_WARN_64_TO_32_BIT_CONVERSION = YES;
				GCC_WARN_ABOUT_RETURN_TYPE = YES_ERROR;
				GCC_WARN_UNDECLARED_SELECTOR = YES;
				GCC_WARN_UNINITIALIZED_AUTOS = YES_AGGRESSIVE;
				GCC_WARN_UNUSED_FUNCTION = YES;
				GCC_WARN_UNUSED_VARIABLE = YES;
				IPHONEOS_DEPLOYMENT_TARGET = 16.4;
				MTL_ENABLE_DEBUG_INFO = NO;
				MTL_FAST_MATH = YES;
				SDKROOT = iphoneos;
				SWIFT_COMPILATION_MODE = wholemodule;
				SWIFT_OPTIMIZATION_LEVEL = "-O";
				VALIDATE_PRODUCT = YES;
			};
			name = Release;
		};
		2A4AEDF12B59913E00148B47 /* Debug */ = {
			isa = XCBuildConfiguration;
			buildSettings = {
				ASSETCATALOG_COMPILER_APPICON_NAME = AppIcon;
				ASSETCATALOG_COMPILER_GLOBAL_ACCENT_COLOR_NAME = AccentColor;
				CODE_SIGN_STYLE = Automatic;
				CURRENT_PROJECT_VERSION = 1;
				DEVELOPMENT_ASSET_PATHS = "\"SmartHub/Preview Content\"";
				ENABLE_PREVIEWS = YES;
				GENERATE_INFOPLIST_FILE = YES;
				INFOPLIST_KEY_UIApplicationSceneManifest_Generation = YES;
				INFOPLIST_KEY_UIApplicationSupportsIndirectInputEvents = YES;
				INFOPLIST_KEY_UILaunchScreen_Generation = YES;
				INFOPLIST_KEY_UISupportedInterfaceOrientations_iPad = "UIInterfaceOrientationPortrait UIInterfaceOrientationPortraitUpsideDown UIInterfaceOrientationLandscapeLeft UIInterfaceOrientationLandscapeRight";
				INFOPLIST_KEY_UISupportedInterfaceOrientations_iPhone = "UIInterfaceOrientationPortrait UIInterfaceOrientationLandscapeLeft UIInterfaceOrientationLandscapeRight";
				LD_RUNPATH_SEARCH_PATHS = (
					"$(inherited)",
					"@executable_path/Frameworks",
				);
				MARKETING_VERSION = 1.0;
				PRODUCT_BUNDLE_IDENTIFIER = "bg.uni-sofia.fmi.SmartHub";
				PRODUCT_NAME = "$(TARGET_NAME)";
				SWIFT_EMIT_LOC_STRINGS = YES;
				SWIFT_VERSION = 5.0;
				TARGETED_DEVICE_FAMILY = "1,2";
			};
			name = Debug;
		};
		2A4AEDF22B59913E00148B47 /* Release */ = {
			isa = XCBuildConfiguration;
			buildSettings = {
				ASSETCATALOG_COMPILER_APPICON_NAME = AppIcon;
				ASSETCATALOG_COMPILER_GLOBAL_ACCENT_COLOR_NAME = AccentColor;
				CODE_SIGN_STYLE = Automatic;
				CURRENT_PROJECT_VERSION = 1;
				DEVELOPMENT_ASSET_PATHS = "\"SmartHub/Preview Content\"";
				ENABLE_PREVIEWS = YES;
				GENERATE_INFOPLIST_FILE = YES;
				INFOPLIST_KEY_UIApplicationSceneManifest_Generation = YES;
				INFOPLIST_KEY_UIApplicationSupportsIndirectInputEvents = YES;
				INFOPLIST_KEY_UILaunchScreen_Generation = YES;
				INFOPLIST_KEY_UISupportedInterfaceOrientations_iPad = "UIInterfaceOrientationPortrait UIInterfaceOrientationPortraitUpsideDown UIInterfaceOrientationLandscapeLeft UIInterfaceOrientationLandscapeRight";
				INFOPLIST_KEY_UISupportedInterfaceOrientations_iPhone = "UIInterfaceOrientationPortrait UIInterfaceOrientationLandscapeLeft UIInterfaceOrientationLandscapeRight";
				LD_RUNPATH_SEARCH_PATHS = (
					"$(inherited)",
					"@executable_path/Frameworks",
				);
				MARKETING_VERSION = 1.0;
				PRODUCT_BUNDLE_IDENTIFIER = "bg.uni-sofia.fmi.SmartHub";
				PRODUCT_NAME = "$(TARGET_NAME)";
				SWIFT_EMIT_LOC_STRINGS = YES;
				SWIFT_VERSION = 5.0;
				TARGETED_DEVICE_FAMILY = "1,2";
			};
			name = Release;
		};
		2A4AEDF42B59913E00148B47 /* Debug */ = {
			isa = XCBuildConfiguration;
			buildSettings = {
				ALWAYS_EMBED_SWIFT_STANDARD_LIBRARIES = YES;
				BUNDLE_LOADER = "$(TEST_HOST)";
				CODE_SIGN_STYLE = Automatic;
				CURRENT_PROJECT_VERSION = 1;
				GENERATE_INFOPLIST_FILE = YES;
				IPHONEOS_DEPLOYMENT_TARGET = 16.4;
				MARKETING_VERSION = 1.0;
				PRODUCT_BUNDLE_IDENTIFIER = "bg.uni-sofia.fmi.SmartHubTests";
				PRODUCT_NAME = "$(TARGET_NAME)";
				SWIFT_EMIT_LOC_STRINGS = NO;
				SWIFT_VERSION = 5.0;
				TARGETED_DEVICE_FAMILY = "1,2";
				TEST_HOST = "$(BUILT_PRODUCTS_DIR)/SmartHub.app/$(BUNDLE_EXECUTABLE_FOLDER_PATH)/SmartHub";
			};
			name = Debug;
		};
		2A4AEDF52B59913E00148B47 /* Release */ = {
			isa = XCBuildConfiguration;
			buildSettings = {
				ALWAYS_EMBED_SWIFT_STANDARD_LIBRARIES = YES;
				BUNDLE_LOADER = "$(TEST_HOST)";
				CODE_SIGN_STYLE = Automatic;
				CURRENT_PROJECT_VERSION = 1;
				GENERATE_INFOPLIST_FILE = YES;
				IPHONEOS_DEPLOYMENT_TARGET = 16.4;
				MARKETING_VERSION = 1.0;
				PRODUCT_BUNDLE_IDENTIFIER = "bg.uni-sofia.fmi.SmartHubTests";
				PRODUCT_NAME = "$(TARGET_NAME)";
				SWIFT_EMIT_LOC_STRINGS = NO;
				SWIFT_VERSION = 5.0;
				TARGETED_DEVICE_FAMILY = "1,2";
				TEST_HOST = "$(BUILT_PRODUCTS_DIR)/SmartHub.app/$(BUNDLE_EXECUTABLE_FOLDER_PATH)/SmartHub";
			};
			name = Release;
		};
		2A4AEDF72B59913E00148B47 /* Debug */ = {
			isa = XCBuildConfiguration;
			buildSettings = {
				ALWAYS_EMBED_SWIFT_STANDARD_LIBRARIES = YES;
				CODE_SIGN_STYLE = Automatic;
				CURRENT_PROJECT_VERSION = 1;
				GENERATE_INFOPLIST_FILE = YES;
				MARKETING_VERSION = 1.0;
				PRODUCT_BUNDLE_IDENTIFIER = "bg.uni-sofia.fmi.SmartHubUITests";
				PRODUCT_NAME = "$(TARGET_NAME)";
				SWIFT_EMIT_LOC_STRINGS = NO;
				SWIFT_VERSION = 5.0;
				TARGETED_DEVICE_FAMILY = "1,2";
				TEST_TARGET_NAME = SmartHub;
			};
			name = Debug;
		};
		2A4AEDF82B59913E00148B47 /* Release */ = {
			isa = XCBuildConfiguration;
			buildSettings = {
				ALWAYS_EMBED_SWIFT_STANDARD_LIBRARIES = YES;
				CODE_SIGN_STYLE = Automatic;
				CURRENT_PROJECT_VERSION = 1;
				GENERATE_INFOPLIST_FILE = YES;
				MARKETING_VERSION = 1.0;
				PRODUCT_BUNDLE_IDENTIFIER = "bg.uni-sofia.fmi.SmartHubUITests";
				PRODUCT_NAME = "$(TARGET_NAME)";
				SWIFT_EMIT_LOC_STRINGS = NO;
				SWIFT_VERSION = 5.0;
				TARGETED_DEVICE_FAMILY = "1,2";
				TEST_TARGET_NAME = SmartHub;
			};
			name = Release;
		};
/* End XCBuildConfiguration section */

/* Begin XCConfigurationList section */
		2A4AEDC22B59913D00148B47 /* Build configuration list for PBXProject "SmartHub" */ = {
			isa = XCConfigurationList;
			buildConfigurations = (
				2A4AEDEE2B59913E00148B47 /* Debug */,
				2A4AEDEF2B59913E00148B47 /* Release */,
			);
			defaultConfigurationIsVisible = 0;
			defaultConfigurationName = Release;
		};
		2A4AEDF02B59913E00148B47 /* Build configuration list for PBXNativeTarget "SmartHub" */ = {
			isa = XCConfigurationList;
			buildConfigurations = (
				2A4AEDF12B59913E00148B47 /* Debug */,
				2A4AEDF22B59913E00148B47 /* Release */,
			);
			defaultConfigurationIsVisible = 0;
			defaultConfigurationName = Release;
		};
		2A4AEDF32B59913E00148B47 /* Build configuration list for PBXNativeTarget "SmartHubTests" */ = {
			isa = XCConfigurationList;
			buildConfigurations = (
				2A4AEDF42B59913E00148B47 /* Debug */,
				2A4AEDF52B59913E00148B47 /* Release */,
			);
			defaultConfigurationIsVisible = 0;
			defaultConfigurationName = Release;
		};
		2A4AEDF62B59913E00148B47 /* Build configuration list for PBXNativeTarget "SmartHubUITests" */ = {
			isa = XCConfigurationList;
			buildConfigurations = (
				2A4AEDF72B59913E00148B47 /* Debug */,
				2A4AEDF82B59913E00148B47 /* Release */,
			);
			defaultConfigurationIsVisible = 0;
			defaultConfigurationName = Release;
		};
/* End XCConfigurationList section */

/* Begin XCVersionGroup section */
		2A4AEDD52B59913E00148B47 /* SmartHub.xcdatamodeld */ = {
			isa = XCVersionGroup;
			children = (
				2A4AEDD62B59913E00148B47 /* SmartHub.xcdatamodel */,
			);
			currentVersion = 2A4AEDD62B59913E00148B47 /* SmartHub.xcdatamodel */;
			path = SmartHub.xcdatamodeld;
			sourceTree = "<group>";
			versionGroupType = wrapper.xcdatamodel;
		};
/* End XCVersionGroup section */
	};
	rootObject = 2A4AEDBF2B59913D00148B47 /* Project object */;
}
